{
  "name": "recursive_minifier",
  "version": "1.0.3",
  "lockfileVersion": 1,
  "requires": true,
  "dependencies": {
    "camel-case": {
      "version": "3.0.0",
      "resolved": "https://registry.npmjs.org/camel-case/-/camel-case-3.0.0.tgz",
      "integrity": "sha1-yjw2iKTpzzpM2nd9xNy8cTJJz3M=",
      "requires": {
        "no-case": "2.3.2",
        "upper-case": "1.1.3"
      }
    },
    "checkup": {
      "version": "1.3.0",
      "resolved": "https://registry.npmjs.org/checkup/-/checkup-1.3.0.tgz",
      "integrity": "sha1-04ACdv6l0PJH/8lRvnjIsC+ODXY="
    },
    "clean-css": {
      "version": "4.1.11",
      "resolved": "https://registry.npmjs.org/clean-css/-/clean-css-4.1.11.tgz",
      "integrity": "sha1-Ls3xRaujj1R0DybO/Q/z4D4SXWo=",
      "requires": {
        "source-map": "0.5.7"
      }
    },
    "commander": {
      "version": "2.15.1",
      "resolved": "https://registry.npmjs.org/commander/-/commander-2.15.1.tgz",
      "integrity": "sha512-VlfT9F3V0v+jr4yxPc5gg9s62/fIVWsd2Bk2iD435um1NlGMYdVCq+MjcXnhYq2icNOizHr1kK+5TI6H0Hy0ag=="
    },
    "css-b64-images": {
      "version": "0.2.5",
      "resolved": "https://registry.npmjs.org/css-b64-images/-/css-b64-images-0.2.5.tgz",
      "integrity": "sha1-QgBdgyBLK0pdk7axpWRBM7WSegI="
    },
    "debug": {
      "version": "3.1.0",
      "resolved": "https://registry.npmjs.org/debug/-/debug-3.1.0.tgz",
      "integrity": "sha512-OX8XqP7/1a9cqkxYw2yXss15f26NKWBpDXQd0/uK/KPqdQhxbPa994hnzjcE2VqQpDslf55723cKPUOGSmMY3g==",
      "requires": {
        "ms": "2.0.0"
      }
    },
    "execon": {
      "version": "1.2.9",
      "resolved": "https://registry.npmjs.org/execon/-/execon-1.2.9.tgz",
      "integrity": "sha1-bbETM9zIJPHxPnMX/tDZSi8mSR8="
    },
    "fs-readdir-recursive": {
      "version": "1.1.0",
      "resolved": "https://registry.npmjs.org/fs-readdir-recursive/-/fs-readdir-recursive-1.1.0.tgz",
      "integrity": "sha512-GNanXlVr2pf02+sPN40XN8HG+ePaNcvM0q5mZBd668Obwb0yD5GiUbZOFgwn8kGMY6I3mdyDJzieUy3PTYyTRA=="
    },
    "he": {
      "version": "1.1.1",
      "resolved": "https://registry.npmjs.org/he/-/he-1.1.1.tgz",
      "integrity": "sha1-k0EP0hsAlzUVH4howvJx80J+I/0="
    },
    "html-minifier": {
      "version": "3.5.15",
      "resolved": "https://registry.npmjs.org/html-minifier/-/html-minifier-3.5.15.tgz",
      "integrity": "sha512-OZa4rfb6tZOZ3Z8Xf0jKxXkiDcFWldQePGYFDcgKqES2sXeWaEv9y6QQvWUtX3ySI3feApQi5uCsHLINQ6NoAw==",
      "requires": {
        "camel-case": "3.0.0",
        "clean-css": "4.1.11",
        "commander": "2.15.1",
        "he": "1.1.1",
        "param-case": "2.1.1",
        "relateurl": "0.2.7",
        "uglify-js": "3.3.25"
      }
    },
    "ischanged": {
      "version": "1.0.18",
      "resolved": "https://registry.npmjs.org/ischanged/-/ischanged-1.0.18.tgz",
      "integrity": "sha1-IFZ/pssBgcVrme2zz8GMrbGWYcQ=",
      "requires": {
        "checkup": "1.3.0",
        "debug": "2.6.9",
        "mkdirp": "0.5.1",
        "readjson": "1.1.4",
        "timem": "1.1.2",
        "writejson": "1.1.2"
      },
      "dependencies": {
        "debug": {
          "version": "2.6.9",
          "resolved": "https://registry.npmjs.org/debug/-/debug-2.6.9.tgz",
          "integrity": "sha512-bC7ElrdJaJnPbAP+1EotYvqZsb3ecl5wi6Bfi6BJTUcNowp6cvspg0jXznRTKDjm/E7AdgFBVeAPVMNcKGsHMA==",
          "requires": {
            "ms": "2.0.0"
          }
        }
      }
    },
    "lower-case": {
      "version": "1.1.4",
      "resolved": "https://registry.npmjs.org/lower-case/-/lower-case-1.1.4.tgz",
      "integrity": "sha1-miyr0bno4K6ZOkv31YdcOcQujqw="
    },
    "minify": {
      "version": "3.0.5",
      "resolved": "https://registry.npmjs.org/minify/-/minify-3.0.5.tgz",
      "integrity": "sha512-siVF3AQ4G1ihgQ15su9aiZ+2XIgs0SKPq4f8apvhdKl+hms8Z+D7uzJ5a50xC7de18Xoqqw7hGn2kfMJP5qcpA==",
      "requires": {
        "clean-css": "4.1.11",
        "css-b64-images": "0.2.5",
        "debug": "3.1.0",
        "execon": "1.2.9",
        "html-minifier": "3.5.15",
        "tomas": "2.0.2",
        "try-catch": "2.0.0",
        "uglify-js": "3.3.25"
      }
    },
    "minimist": {
      "version": "0.0.8",
      "resolved": "https://registry.npmjs.org/minimist/-/minimist-0.0.8.tgz",
      "integrity": "sha1-hX/Kv8M5fSYluCKCYuhqp6ARsF0="
    },
    "mkdirp": {
      "version": "0.5.1",
      "resolved": "https://registry.npmjs.org/mkdirp/-/mkdirp-0.5.1.tgz",
      "integrity": "sha1-MAV0OOrGz3+MR2fzhkjWaX11yQM=",
      "requires": {
        "minimist": "0.0.8"
      }
    },
    "ms": {
      "version": "2.0.0",
      "resolved": "https://registry.npmjs.org/ms/-/ms-2.0.0.tgz",
      "integrity": "sha1-VgiurfwAvmwpAd9fmGF4jeDVl8g="
    },
    "no-case": {
      "version": "2.3.2",
      "resolved": "https://registry.npmjs.org/no-case/-/no-case-2.3.2.tgz",
      "integrity": "sha512-rmTZ9kz+f3rCvK2TD1Ue/oZlns7OGoIWP4fc3llxxRXlOkHKoWPPWJOfFYpITabSow43QJbRIoHQXtt10VldyQ==",
      "requires": {
        "lower-case": "1.1.4"
      }
    },
    "param-case": {
      "version": "2.1.1",
      "resolved": "https://registry.npmjs.org/param-case/-/param-case-2.1.1.tgz",
      "integrity": "sha1-35T9jPZTHs915r75oIWPvHK+Ikc=",
      "requires": {
        "no-case": "2.3.2"
      }
    },
    "readjson": {
      "version": "1.1.4",
      "resolved": "https://registry.npmjs.org/readjson/-/readjson-1.1.4.tgz",
      "integrity": "sha512-H4dRk2S67w3HtE1apnw5wlHpN9qkJ0pen0AcEvyAfnrPfskZIyUOYLXpfN6olDQZI+eUlxg0Yo4lJ2bymujOUA==",
      "requires": {
        "try-catch": "2.0.0"
      }
    },
    "relateurl": {
      "version": "0.2.7",
      "resolved": "https://registry.npmjs.org/relateurl/-/relateurl-0.2.7.tgz",
      "integrity": "sha1-VNvzd+UUQKypCkzSdGANP/LYiKk="
    },
    "source-map": {
      "version": "0.5.7",
      "resolved": "https://registry.npmjs.org/source-map/-/source-map-0.5.7.tgz",
      "integrity": "sha1-igOdLRAh0i0eoUyA2OpGi6LvP8w="
    },
    "timem": {
      "version": "1.1.2",
      "resolved": "https://registry.npmjs.org/timem/-/timem-1.1.2.tgz",
      "integrity": "sha1-/pMAbCglOo2lxJKZMGmR+kzE9Aw="
    },
    "tomas": {
      "version": "2.0.2",
      "resolved": "https://registry.npmjs.org/tomas/-/tomas-2.0.2.tgz",
      "integrity": "sha512-IqPlPO4ldadauio6iBEHhgOGWzrddtj4PxvVQT9xnjk8w1AQWzCMeWRYcl1oO7DDOecm3pGxjCRQEQfJwiIAgA==",
      "requires": {
        "checkup": "1.3.0",
        "execon": "1.2.9",
        "ischanged": "1.0.18",
        "mkdirp": "0.5.1"
      }
    },
    "try-catch": {
      "version": "2.0.0",
      "resolved": "https://registry.npmjs.org/try-catch/-/try-catch-2.0.0.tgz",
      "integrity": "sha512-RPXpVjsbtWgymwGq5F/OWDFsjEzdvzwHFaMjWWW6f/p6+uk/N7YSKJHQfIfGqITfj8qH4cBqCLMnhKZBaKk7Kg=="
    },
    "uglify-es": {
      "version": "3.3.9",
      "resolved": "https://registry.npmjs.org/uglify-es/-/uglify-es-3.3.9.tgz",
      "integrity": "sha512-r+MU0rfv4L/0eeW3xZrd16t4NZfK8Ld4SWVglYBb7ez5uXFWHuVRs6xCTrf1yirs9a4j4Y27nn7SRfO6v67XsQ==",
      "requires": {
        "commander": "2.13.0",
        "source-map": "0.6.1"
      },
      "dependencies": {
        "commander": {
          "version": "2.13.0",
          "resolved": "https://registry.npmjs.org/commander/-/commander-2.13.0.tgz",
          "integrity": "sha512-MVuS359B+YzaWqjCL/c+22gfryv+mCBPHAv3zyVI2GN8EY6IRP8VwtasXn8jyyhvvq84R4ImN1OKRtcbIasjYA=="
        },
        "source-map": {
          "version": "0.6.1",
          "resolved": "https://registry.npmjs.org/source-map/-/source-map-0.6.1.tgz",
          "integrity": "sha512-UjgapumWlbMhkBgzT7Ykc5YXUT46F0iKu8SGXq0bcwP5dz/h0Plj6enJqjz1Zbq2l5WaqYnrVbwWOWMyF3F47g=="
        }
      }
    },
    "uglify-js": {
      "version": "3.3.25",
      "resolved": "https://registry.npmjs.org/uglify-js/-/uglify-js-3.3.25.tgz",
      "integrity": "sha512-hobogryjDV36VrLK3Y69ou4REyrTApzUblVFmdQOYRe8cYaSmFJXMb4dR9McdvYDSbeNdzUgYr2YVukJaErJcA==",
      "requires": {
        "commander": "2.15.1",
        "source-map": "0.6.1"
      },
      "dependencies": {
        "source-map": {
          "version": "0.6.1",
          "resolved": "https://registry.npmjs.org/source-map/-/source-map-0.6.1.tgz",
          "integrity": "sha512-UjgapumWlbMhkBgzT7Ykc5YXUT46F0iKu8SGXq0bcwP5dz/h0Plj6enJqjz1Zbq2l5WaqYnrVbwWOWMyF3F47g=="
        }
      }
    },
    "upper-case": {
      "version": "1.1.3",
      "resolved": "https://registry.npmjs.org/upper-case/-/upper-case-1.1.3.tgz",
      "integrity": "sha1-9rRQHC7EzdJrp4vnIilh3ndiFZg="
    },
    "writejson": {
      "version": "1.1.2",
      "resolved": "https://registry.npmjs.org/writejson/-/writejson-1.1.2.tgz",
      "integrity": "sha512-5iMR/5y0z7VUNI3S+wRWiu02VnbwuPzrwnUbopJA2sz1kWvSm6Phz/1ahbgQ76SO1HGB9d/RI+44rEcBFtZbMw==",
      "requires": {
        "try-catch": "2.0.0"
      }
    }
  }
}
